
Microsoft Visual Studio Solution File, Format Version 12.00
# Visual Studio Version 16
VisualStudioVersion = 16.0.808.6
MinimumVisualStudioVersion = 10.0.40219.1
Project("{FAE04EC0-301F-11D3-BF4B-00C04F79EFBC}") = "Chess_Console", "Chess_Console.csproj", "{CEFA0E0D-D909-498F-9D2C-9736B0D82AE4}"
EndProject
Global
	GlobalSection(SolutionConfigurationPlatforms) = preSolution
		Debug|Any CPU = Debug|Any CPU
		Release|Any CPU = Release|Any CPU
	EndGlobalSection
	GlobalSection(ProjectConfigurationPlatforms) = postSolution
		{CEFA0E0D-D909-498F-9D2C-9736B0D82AE4}.Debug|Any CPU.ActiveCfg = Debug|Any CPU
		{CEFA0E0D-D909-498F-9D2C-9736B0D82AE4}.Debug|Any CPU.Build.0 = Debug|Any CPU
		{CEFA0E0D-D909-498F-9D2C-9736B0D82AE4}.Release|Any CPU.ActiveCfg = Release|Any CPU
		{CEFA0E0D-D909-498F-9D2C-9736B0D82AE4}.Release|Any CPU.Build.0 = Release|Any CPU
	EndGlobalSection
	GlobalSection(SolutionProperties) = preSolution
		HideSolutionNode = FALSE
	EndGlobalSection
	GlobalSection(ExtensibilityGlobals) = postSolution
		SolutionGuid = {FEF06EAF-9534-455F-9D64-1A7DB60A76F6}
	EndGlobalSection
EndGlobal
